
Microsoft Visual Studio Solution File, Format Version 12.00
# Visual Studio Version 17
VisualStudioVersion = 17.7.34024.191
MinimumVisualStudioVersion = 10.0.40219.1
Project("{FAE04EC0-301F-11D3-BF4B-00C04F79EFBC}") = "MovieStoreMvc", "MovieStoreMvc\MovieStoreMvc.csproj", "{CD583635-51B0-45CF-8CE5-AFA3EC6E5D19}"
EndProject
Global
	GlobalSection(SolutionConfigurationPlatforms) = preSolution
		Debug|Any CPU = Debug|Any CPU
		Release|Any CPU = Release|Any CPU
	EndGlobalSection
	GlobalSection(ProjectConfigurationPlatforms) = postSolution
		{CD583635-51B0-45CF-8CE5-AFA3EC6E5D19}.Debug|Any CPU.ActiveCfg = Debug|Any CPU
		{CD583635-51B0-45CF-8CE5-AFA3EC6E5D19}.Debug|Any CPU.Build.0 = Debug|Any CPU
		{CD583635-51B0-45CF-8CE5-AFA3EC6E5D19}.Release|Any CPU.ActiveCfg = Release|Any CPU
		{CD583635-51B0-45CF-8CE5-AFA3EC6E5D19}.Release|Any CPU.Build.0 = Release|Any CPU
	EndGlobalSection
	GlobalSection(SolutionProperties) = preSolution
		HideSolutionNode = FALSE
	EndGlobalSection
	GlobalSection(ExtensibilityGlobals) = postSolution
		SolutionGuid = {6D2854A7-1C0C-44B9-A59C-6899B232CE93}
	EndGlobalSection
EndGlobal
